
Microsoft Visual Studio Solution File, Format Version 12.00
# Visual Studio Version 16
VisualStudioVersion = 16.0.30523.141
MinimumVisualStudioVersion = 10.0.40219.1
Project("{FAE04EC0-301F-11D3-BF4B-00C04F79EFBC}") = "Visa.API", "Visa.API\Visa.API.csproj", "{24905EA9-E3B7-455F-9127-ECC87E343593}"
EndProject
Project("{FAE04EC0-301F-11D3-BF4B-00C04F79EFBC}") = "Visa.Core", "Visa.Core\Visa.Core.csproj", "{8880B1B2-43FF-4854-956F-C458DB95020D}"
EndProject
Project("{FAE04EC0-301F-11D3-BF4B-00C04F79EFBC}") = "Visa.Infrastructure", "Visa.Infrastructure\Visa.Infrastructure.csproj", "{8ACAF8EF-94FC-422D-971F-6DDC46067167}"
EndProject
Global
	GlobalSection(SolutionConfigurationPlatforms) = preSolution
		Debug|Any CPU = Debug|Any CPU
		Release|Any CPU = Release|Any CPU
	EndGlobalSection
	GlobalSection(ProjectConfigurationPlatforms) = postSolution
		{24905EA9-E3B7-455F-9127-ECC87E343593}.Debug|Any CPU.ActiveCfg = Debug|Any CPU
		{24905EA9-E3B7-455F-9127-ECC87E343593}.Debug|Any CPU.Build.0 = Debug|Any CPU
		{24905EA9-E3B7-455F-9127-ECC87E343593}.Release|Any CPU.ActiveCfg = Release|Any CPU
		{24905EA9-E3B7-455F-9127-ECC87E343593}.Release|Any CPU.Build.0 = Release|Any CPU
		{8880B1B2-43FF-4854-956F-C458DB95020D}.Debug|Any CPU.ActiveCfg = Debug|Any CPU
		{8880B1B2-43FF-4854-956F-C458DB95020D}.Debug|Any CPU.Build.0 = Debug|Any CPU
		{8880B1B2-43FF-4854-956F-C458DB95020D}.Release|Any CPU.ActiveCfg = Release|Any CPU
		{8880B1B2-43FF-4854-956F-C458DB95020D}.Release|Any CPU.Build.0 = Release|Any CPU
		{8ACAF8EF-94FC-422D-971F-6DDC46067167}.Debug|Any CPU.ActiveCfg = Debug|Any CPU
		{8ACAF8EF-94FC-422D-971F-6DDC46067167}.Debug|Any CPU.Build.0 = Debug|Any CPU
		{8ACAF8EF-94FC-422D-971F-6DDC46067167}.Release|Any CPU.ActiveCfg = Release|Any CPU
		{8ACAF8EF-94FC-422D-971F-6DDC46067167}.Release|Any CPU.Build.0 = Release|Any CPU
	EndGlobalSection
	GlobalSection(SolutionProperties) = preSolution
		HideSolutionNode = FALSE
	EndGlobalSection
	GlobalSection(ExtensibilityGlobals) = postSolution
		SolutionGuid = {19E1E70D-0395-418D-BEDD-BC9A3B3AF3EF}
	EndGlobalSection
EndGlobal
